
Microsoft Visual Studio Solution File, Format Version 12.00
# Visual Studio Version 17
VisualStudioVersion = 17.13.35913.81 d17.13
MinimumVisualStudioVersion = 10.0.40219.1
Project("{FAE04EC0-301F-11D3-BF4B-00C04F79EFBC}") = "Fizzbuzz harjoitus", "Fizzbuzz harjoitus\Fizzbuzz harjoitus.csproj", "{EDBCEA17-FC1B-4C51-8F2D-BA89B525D3C9}"
EndProject
Global
	GlobalSection(SolutionConfigurationPlatforms) = preSolution
		Debug|Any CPU = Debug|Any CPU
		Release|Any CPU = Release|Any CPU
	EndGlobalSection
	GlobalSection(ProjectConfigurationPlatforms) = postSolution
		{EDBCEA17-FC1B-4C51-8F2D-BA89B525D3C9}.Debug|Any CPU.ActiveCfg = Debug|Any CPU
		{EDBCEA17-FC1B-4C51-8F2D-BA89B525D3C9}.Debug|Any CPU.Build.0 = Debug|Any CPU
		{EDBCEA17-FC1B-4C51-8F2D-BA89B525D3C9}.Release|Any CPU.ActiveCfg = Release|Any CPU
		{EDBCEA17-FC1B-4C51-8F2D-BA89B525D3C9}.Release|Any CPU.Build.0 = Release|Any CPU
	EndGlobalSection
	GlobalSection(SolutionProperties) = preSolution
		HideSolutionNode = FALSE
	EndGlobalSection
	GlobalSection(ExtensibilityGlobals) = postSolution
		SolutionGuid = {016F2BCD-EA21-4ADE-8213-1C7DB034A1CC}
	EndGlobalSection
EndGlobal
